// !$*UTF8*$!
{
	archiveVersion = 1;
	classes = {
	};
	objectVersion = 55;
	objects = {

/* Begin PBXBuildFile section */
		52B278E2281D79230059CF1A /* FormatterService in Frameworks */ = {isa = PBXBuildFile; productRef = 52B278E1281D79230059CF1A /* FormatterService */; };
		52B5BE3E281D66A800BA6643 /* AppDelegate.swift in Sources */ = {isa = PBXBuildFile; fileRef = 52B5BE3D281D66A800BA6643 /* AppDelegate.swift */; };
		52B5BE47281D66A900BA6643 /* Assets.xcassets in Resources */ = {isa = PBXBuildFile; fileRef = 52B5BE46281D66A900BA6643 /* Assets.xcassets */; };
		52B5BE4A281D66A900BA6643 /* LaunchScreen.storyboard in Resources */ = {isa = PBXBuildFile; fileRef = 52B5BE48281D66A900BA6643 /* LaunchScreen.storyboard */; };
		52B5BE58281D695100BA6643 /* Core in Frameworks */ = {isa = PBXBuildFile; productRef = 52B5BE57281D695100BA6643 /* Core */; };
		52B5BE5B281D69CB00BA6643 /* AppDIContainer.swift in Sources */ = {isa = PBXBuildFile; fileRef = 52B5BE59281D69CB00BA6643 /* AppDIContainer.swift */; };
		52B5BE5C281D69CB00BA6643 /* AppCoordinator.swift in Sources */ = {isa = PBXBuildFile; fileRef = 52B5BE5A281D69CB00BA6643 /* AppCoordinator.swift */; };
		52B5BE5F281D69F000BA6643 /* TabBarCoordinator.swift in Sources */ = {isa = PBXBuildFile; fileRef = 52B5BE5E281D69F000BA6643 /* TabBarCoordinator.swift */; };
		52B5BE6B281D6C6100BA6643 /* TransactionFeature in Frameworks */ = {isa = PBXBuildFile; productRef = 52B5BE6A281D6C6100BA6643 /* TransactionFeature */; };
		52F178E4281EAB100048A831 /* Model in Frameworks */ = {isa = PBXBuildFile; productRef = 52F178E3281EAB100048A831 /* Model */; };
/* End PBXBuildFile section */

/* Begin PBXFileReference section */
		52B278E0281D77620059CF1A /* Service */ = {isa = PBXFileReference; lastKnownFileType = wrapper; name = Service; path = Modules/Service; sourceTree = "<group>"; };
		52B278E3281D828B0059CF1A /* SharedUI */ = {isa = PBXFileReference; lastKnownFileType = wrapper; name = SharedUI; path = Modules/SharedUI; sourceTree = "<group>"; };
		52B5BE3A281D66A800BA6643 /* WeBudget.app */ = {isa = PBXFileReference; explicitFileType = wrapper.application; includeInIndex = 0; path = WeBudget.app; sourceTree = BUILT_PRODUCTS_DIR; };
		52B5BE3D281D66A800BA6643 /* AppDelegate.swift */ = {isa = PBXFileReference; lastKnownFileType = sourcecode.swift; path = AppDelegate.swift; sourceTree = "<group>"; };
		52B5BE46281D66A900BA6643 /* Assets.xcassets */ = {isa = PBXFileReference; lastKnownFileType = folder.assetcatalog; path = Assets.xcassets; sourceTree = "<group>"; };
		52B5BE49281D66A900BA6643 /* Base */ = {isa = PBXFileReference; lastKnownFileType = file.storyboard; name = Base; path = Base.lproj/LaunchScreen.storyboard; sourceTree = "<group>"; };
		52B5BE4B281D66A900BA6643 /* Info.plist */ = {isa = PBXFileReference; lastKnownFileType = text.plist.xml; path = Info.plist; sourceTree = "<group>"; };
		52B5BE55281D692A00BA6643 /* Core */ = {isa = PBXFileReference; lastKnownFileType = wrapper; name = Core; path = Modules/Core; sourceTree = "<group>"; };
		52B5BE59281D69CB00BA6643 /* AppDIContainer.swift */ = {isa = PBXFileReference; fileEncoding = 4; lastKnownFileType = sourcecode.swift; path = AppDIContainer.swift; sourceTree = "<group>"; };
		52B5BE5A281D69CB00BA6643 /* AppCoordinator.swift */ = {isa = PBXFileReference; fileEncoding = 4; lastKnownFileType = sourcecode.swift; path = AppCoordinator.swift; sourceTree = "<group>"; };
		52B5BE5E281D69F000BA6643 /* TabBarCoordinator.swift */ = {isa = PBXFileReference; fileEncoding = 4; lastKnownFileType = sourcecode.swift; path = TabBarCoordinator.swift; sourceTree = "<group>"; };
		52B5BE61281D6BF000BA6643 /* Feature */ = {isa = PBXFileReference; lastKnownFileType = wrapper; name = Feature; path = Modules/Feature; sourceTree = "<group>"; };
		52F178E2281EAAF20048A831 /* Model */ = {isa = PBXFileReference; lastKnownFileType = wrapper; name = Model; path = Modules/Model; sourceTree = "<group>"; };
/* End PBXFileReference section */

/* Begin PBXFrameworksBuildPhase section */
		52B5BE37281D66A800BA6643 /* Frameworks */ = {
			isa = PBXFrameworksBuildPhase;
			buildActionMask = 2147483647;
			files = (
				52B278E2281D79230059CF1A /* FormatterService in Frameworks */,
				52B5BE6B281D6C6100BA6643 /* TransactionFeature in Frameworks */,
				52F178E4281EAB100048A831 /* Model in Frameworks */,
				52B5BE58281D695100BA6643 /* Core in Frameworks */,
			);
			runOnlyForDeploymentPostprocessing = 0;
		};
/* End PBXFrameworksBuildPhase section */

/* Begin PBXGroup section */
		52B5BE31281D66A800BA6643 = {
			isa = PBXGroup;
			children = (
				52F178E2281EAAF20048A831 /* Model */,
				52B278E3281D828B0059CF1A /* SharedUI */,
				52B278E0281D77620059CF1A /* Service */,
				52B5BE61281D6BF000BA6643 /* Feature */,
				52B5BE55281D692A00BA6643 /* Core */,
				52B5BE3C281D66A800BA6643 /* WeBudget */,
				52B5BE3B281D66A800BA6643 /* Products */,
				52B5BE56281D695100BA6643 /* Frameworks */,
			);
			sourceTree = "<group>";
		};
		52B5BE3B281D66A800BA6643 /* Products */ = {
			isa = PBXGroup;
			children = (
				52B5BE3A281D66A800BA6643 /* WeBudget.app */,
			);
			name = Products;
			sourceTree = "<group>";
		};
		52B5BE3C281D66A800BA6643 /* WeBudget */ = {
			isa = PBXGroup;
			children = (
				52B5BE52281D681E00BA6643 /* App */,
				52B5BE53281D682600BA6643 /* Scenes */,
				52B5BE51281D681100BA6643 /* Resources */,
			);
			path = WeBudget;
			sourceTree = "<group>";
		};
		52B5BE51281D681100BA6643 /* Resources */ = {
			isa = PBXGroup;
			children = (
				52B5BE4B281D66A900BA6643 /* Info.plist */,
				52B5BE46281D66A900BA6643 /* Assets.xcassets */,
				52B5BE48281D66A900BA6643 /* LaunchScreen.storyboard */,
			);
			path = Resources;
			sourceTree = "<group>";
		};
		52B5BE52281D681E00BA6643 /* App */ = {
			isa = PBXGroup;
			children = (
				52B5BE3D281D66A800BA6643 /* AppDelegate.swift */,
				52B5BE5A281D69CB00BA6643 /* AppCoordinator.swift */,
				52B5BE59281D69CB00BA6643 /* AppDIContainer.swift */,
			);
			path = App;
			sourceTree = "<group>";
		};
		52B5BE53281D682600BA6643 /* Scenes */ = {
			isa = PBXGroup;
			children = (
				52B5BE5D281D69F000BA6643 /* TabBar */,
			);
			path = Scenes;
			sourceTree = "<group>";
		};
		52B5BE56281D695100BA6643 /* Frameworks */ = {
			isa = PBXGroup;
			children = (
			);
			name = Frameworks;
			sourceTree = "<group>";
		};
		52B5BE5D281D69F000BA6643 /* TabBar */ = {
			isa = PBXGroup;
			children = (
				52B5BE5E281D69F000BA6643 /* TabBarCoordinator.swift */,
			);
			path = TabBar;
			sourceTree = "<group>";
		};
/* End PBXGroup section */

/* Begin PBXNativeTarget section */
		52B5BE39281D66A800BA6643 /* WeBudget */ = {
			isa = PBXNativeTarget;
			buildConfigurationList = 52B5BE4E281D66A900BA6643 /* Build configuration list for PBXNativeTarget "WeBudget" */;
			buildPhases = (
				52B5BE36281D66A800BA6643 /* Sources */,
				52B5BE37281D66A800BA6643 /* Frameworks */,
				52B5BE38281D66A800BA6643 /* Resources */,
				52B5BE54281D684A00BA6643 /* Swiftlint */,
			);
			buildRules = (
			);
			dependencies = (
			);
			name = WeBudget;
			packageProductDependencies = (
				52B5BE57281D695100BA6643 /* Core */,
				52B5BE6A281D6C6100BA6643 /* TransactionFeature */,
				52B278E1281D79230059CF1A /* FormatterService */,
				52F178E3281EAB100048A831 /* Model */,
			);
			productName = WeBudget;
			productReference = 52B5BE3A281D66A800BA6643 /* WeBudget.app */;
			productType = "com.apple.product-type.application";
		};
/* End PBXNativeTarget section */

/* Begin PBXProject section */
		52B5BE32281D66A800BA6643 /* Project object */ = {
			isa = PBXProject;
			attributes = {
				BuildIndependentTargetsInParallel = 1;
				LastSwiftUpdateCheck = 1330;
				LastUpgradeCheck = 1330;
				TargetAttributes = {
					52B5BE39281D66A800BA6643 = {
						CreatedOnToolsVersion = 13.3.1;
					};
				};
			};
			buildConfigurationList = 52B5BE35281D66A800BA6643 /* Build configuration list for PBXProject "WeBudget" */;
			compatibilityVersion = "Xcode 13.0";
			developmentRegion = en;
			hasScannedForEncodings = 0;
			knownRegions = (
				en,
				Base,
			);
			mainGroup = 52B5BE31281D66A800BA6643;
			productRefGroup = 52B5BE3B281D66A800BA6643 /* Products */;
			projectDirPath = "";
			projectRoot = "";
			targets = (
				52B5BE39281D66A800BA6643 /* WeBudget */,
			);
		};
/* End PBXProject section */

/* Begin PBXResourcesBuildPhase section */
		52B5BE38281D66A800BA6643 /* Resources */ = {
			isa = PBXResourcesBuildPhase;
			buildActionMask = 2147483647;
			files = (
				52B5BE4A281D66A900BA6643 /* LaunchScreen.storyboard in Resources */,
				52B5BE47281D66A900BA6643 /* Assets.xcassets in Resources */,
			);
			runOnlyForDeploymentPostprocessing = 0;
		};
/* End PBXResourcesBuildPhase section */

/* Begin PBXShellScriptBuildPhase section */
		52B5BE54281D684A00BA6643 /* Swiftlint */ = {
			isa = PBXShellScriptBuildPhase;
			buildActionMask = 2147483647;
			files = (
			);
			inputFileListPaths = (
			);
			inputPaths = (
			);
			name = Swiftlint;
			outputFileListPaths = (
			);
			outputPaths = (
			);
			runOnlyForDeploymentPostprocessing = 0;
			shellPath = /bin/sh;
			shellScript = "if test -d \"/opt/homebrew/bin/\"; then\n  PATH=\"/opt/homebrew/bin/:${PATH}\"\nfi\n\nexport PATH\n\nif which swiftlint >/dev/null; then\n  swiftlint\nelse\n  echo \"warning: SwiftLint not installed, download from https://github.com/realm/SwiftLint\"\nfi\n";
		};
/* End PBXShellScriptBuildPhase section */

/* Begin PBXSourcesBuildPhase section */
		52B5BE36281D66A800BA6643 /* Sources */ = {
			isa = PBXSourcesBuildPhase;
			buildActionMask = 2147483647;
			files = (
				52B5BE5C281D69CB00BA6643 /* AppCoordinator.swift in Sources */,
				52B5BE3E281D66A800BA6643 /* AppDelegate.swift in Sources */,
				52B5BE5F281D69F000BA6643 /* TabBarCoordinator.swift in Sources */,
				52B5BE5B281D69CB00BA6643 /* AppDIContainer.swift in Sources */,
			);
			runOnlyForDeploymentPostprocessing = 0;
		};
/* End PBXSourcesBuildPhase section */

/* Begin PBXVariantGroup section */
		52B5BE48281D66A900BA6643 /* LaunchScreen.storyboard */ = {
			isa = PBXVariantGroup;
			children = (
				52B5BE49281D66A900BA6643 /* Base */,
			);
			name = LaunchScreen.storyboard;
			sourceTree = "<group>";
		};
/* End PBXVariantGroup section */

/* Begin XCBuildConfiguration section */
		52B5BE4C281D66A900BA6643 /* Debug */ = {
			isa = XCBuildConfiguration;
			buildSettings = {
				ALWAYS_SEARCH_USER_PATHS = NO;
				CLANG_ANALYZER_NONNULL = YES;
				CLANG_ANALYZER_NUMBER_OBJECT_CONVERSION = YES_AGGRESSIVE;
				CLANG_CXX_LANGUAGE_STANDARD = "gnu++17";
				CLANG_ENABLE_MODULES = YES;
				CLANG_ENABLE_OBJC_ARC = YES;
				CLANG_ENABLE_OBJC_WEAK = YES;
				CLANG_WARN_BLOCK_CAPTURE_AUTORELEASING = YES;
				CLANG_WARN_BOOL_CONVERSION = YES;
				CLANG_WARN_COMMA = YES;
				CLANG_WARN_CONSTANT_CONVERSION = YES;
				CLANG_WARN_DEPRECATED_OBJC_IMPLEMENTATIONS = YES;
				CLANG_WARN_DIRECT_OBJC_ISA_USAGE = YES_ERROR;
				CLANG_WARN_DOCUMENTATION_COMMENTS = YES;
				CLANG_WARN_EMPTY_BODY = YES;
				CLANG_WARN_ENUM_CONVERSION = YES;
				CLANG_WARN_INFINITE_RECURSION = YES;
				CLANG_WARN_INT_CONVERSION = YES;
				CLANG_WARN_NON_LITERAL_NULL_CONVERSION = YES;
				CLANG_WARN_OBJC_IMPLICIT_RETAIN_SELF = YES;
				CLANG_WARN_OBJC_LITERAL_CONVERSION = YES;
				CLANG_WARN_OBJC_ROOT_CLASS = YES_ERROR;
				CLANG_WARN_QUOTED_INCLUDE_IN_FRAMEWORK_HEADER = YES;
				CLANG_WARN_RANGE_LOOP_ANALYSIS = YES;
				CLANG_WARN_STRICT_PROTOTYPES = YES;
				CLANG_WARN_SUSPICIOUS_MOVE = YES;
				CLANG_WARN_UNGUARDED_AVAILABILITY = YES_AGGRESSIVE;
				CLANG_WARN_UNREACHABLE_CODE = YES;
				CLANG_WARN__DUPLICATE_METHOD_MATCH = YES;
				COPY_PHASE_STRIP = NO;
				DEBUG_INFORMATION_FORMAT = dwarf;
				ENABLE_STRICT_OBJC_MSGSEND = YES;
				ENABLE_TESTABILITY = YES;
				GCC_C_LANGUAGE_STANDARD = gnu11;
				GCC_DYNAMIC_NO_PIC = NO;
				GCC_NO_COMMON_BLOCKS = YES;
				GCC_OPTIMIZATION_LEVEL = 0;
				GCC_PREPROCESSOR_DEFINITIONS = (
					"DEBUG=1",
					"$(inherited)",
				);
				GCC_WARN_64_TO_32_BIT_CONVERSION = YES;
				GCC_WARN_ABOUT_RETURN_TYPE = YES_ERROR;
				GCC_WARN_UNDECLARED_SELECTOR = YES;
				GCC_WARN_UNINITIALIZED_AUTOS = YES_AGGRESSIVE;
				GCC_WARN_UNUSED_FUNCTION = YES;
				GCC_WARN_UNUSED_VARIABLE = YES;
				IPHONEOS_DEPLOYMENT_TARGET = 15.4;
				MTL_ENABLE_DEBUG_INFO = INCLUDE_SOURCE;
				MTL_FAST_MATH = YES;
				ONLY_ACTIVE_ARCH = YES;
				SDKROOT = iphoneos;
				SWIFT_ACTIVE_COMPILATION_CONDITIONS = DEBUG;
				SWIFT_OPTIMIZATION_LEVEL = "-Onone";
			};
			name = Debug;
		};
		52B5BE4D281D66A900BA6643 /* Release */ = {
			isa = XCBuildConfiguration;
			buildSettings = {
				ALWAYS_SEARCH_USER_PATHS = NO;
				CLANG_ANALYZER_NONNULL = YES;
				CLANG_ANALYZER_NUMBER_OBJECT_CONVERSION = YES_AGGRESSIVE;
				CLANG_CXX_LANGUAGE_STANDARD = "gnu++17";
				CLANG_ENABLE_MODULES = YES;
				CLANG_ENABLE_OBJC_ARC = YES;
				CLANG_ENABLE_OBJC_WEAK = YES;
				CLANG_WARN_BLOCK_CAPTURE_AUTORELEASING = YES;
				CLANG_WARN_BOOL_CONVERSION = YES;
				CLANG_WARN_COMMA = YES;
				CLANG_WARN_CONSTANT_CONVERSION = YES;
				CLANG_WARN_DEPRECATED_OBJC_IMPLEMENTATIONS = YES;
				CLANG_WARN_DIRECT_OBJC_ISA_USAGE = YES_ERROR;
				CLANG_WARN_DOCUMENTATION_COMMENTS = YES;
				CLANG_WARN_EMPTY_BODY = YES;
				CLANG_WARN_ENUM_CONVERSION = YES;
				CLANG_WARN_INFINITE_RECURSION = YES;
				CLANG_WARN_INT_CONVERSION = YES;
				CLANG_WARN_NON_LITERAL_NULL_CONVERSION = YES;
				CLANG_WARN_OBJC_IMPLICIT_RETAIN_SELF = YES;
				CLANG_WARN_OBJC_LITERAL_CONVERSION = YES;
				CLANG_WARN_OBJC_ROOT_CLASS = YES_ERROR;
				CLANG_WARN_QUOTED_INCLUDE_IN_FRAMEWORK_HEADER = YES;
				CLANG_WARN_RANGE_LOOP_ANALYSIS = YES;
				CLANG_WARN_STRICT_PROTOTYPES = YES;
				CLANG_WARN_SUSPICIOUS_MOVE = YES;
				CLANG_WARN_UNGUARDED_AVAILABILITY = YES_AGGRESSIVE;
				CLANG_WARN_UNREACHABLE_CODE = YES;
				CLANG_WARN__DUPLICATE_METHOD_MATCH = YES;
				COPY_PHASE_STRIP = NO;
				DEBUG_INFORMATION_FORMAT = "dwarf-with-dsym";
				ENABLE_NS_ASSERTIONS = NO;
				ENABLE_STRICT_OBJC_MSGSEND = YES;
				GCC_C_LANGUAGE_STANDARD = gnu11;
				GCC_NO_COMMON_BLOCKS = YES;
				GCC_WARN_64_TO_32_BIT_CONVERSION = YES;
				GCC_WARN_ABOUT_RETURN_TYPE = YES_ERROR;
				GCC_WARN_UNDECLARED_SELECTOR = YES;
				GCC_WARN_UNINITIALIZED_AUTOS = YES_AGGRESSIVE;
				GCC_WARN_UNUSED_FUNCTION = YES;
				GCC_WARN_UNUSED_VARIABLE = YES;
				IPHONEOS_DEPLOYMENT_TARGET = 15.4;
				MTL_ENABLE_DEBUG_INFO = NO;
				MTL_FAST_MATH = YES;
				SDKROOT = iphoneos;
				SWIFT_COMPILATION_MODE = wholemodule;
				SWIFT_OPTIMIZATION_LEVEL = "-O";
				VALIDATE_PRODUCT = YES;
			};
			name = Release;
		};
		52B5BE4F281D66A900BA6643 /* Debug */ = {
			isa = XCBuildConfiguration;
			buildSettings = {
				ASSETCATALOG_COMPILER_APPICON_NAME = AppIcon;
				ASSETCATALOG_COMPILER_GLOBAL_ACCENT_COLOR_NAME = AccentColor;
				CODE_SIGN_STYLE = Automatic;
				CURRENT_PROJECT_VERSION = 1;
				DEVELOPMENT_TEAM = D27NXEG753;
				GENERATE_INFOPLIST_FILE = YES;
				INFOPLIST_FILE = WeBudget/Resources/Info.plist;
				INFOPLIST_KEY_UIApplicationSupportsIndirectInputEvents = YES;
				INFOPLIST_KEY_UILaunchStoryboardName = LaunchScreen;
				INFOPLIST_KEY_UISupportedInterfaceOrientations_iPad = "UIInterfaceOrientationPortrait UIInterfaceOrientationPortraitUpsideDown UIInterfaceOrientationLandscapeLeft UIInterfaceOrientationLandscapeRight";
				INFOPLIST_KEY_UISupportedInterfaceOrientations_iPhone = "UIInterfaceOrientationPortrait UIInterfaceOrientationLandscapeLeft UIInterfaceOrientationLandscapeRight";
				IPHONEOS_DEPLOYMENT_TARGET = 15.0;
				LD_RUNPATH_SEARCH_PATHS = (
					"$(inherited)",
					"@executable_path/Frameworks",
				);
				MARKETING_VERSION = 1.0;
				PRODUCT_BUNDLE_IDENTIFIER = maxime.maheo.WeBudget;
				PRODUCT_NAME = "$(TARGET_NAME)";
				SWIFT_EMIT_LOC_STRINGS = YES;
				SWIFT_VERSION = 5.0;
				TARGETED_DEVICE_FAMILY = 1;
			};
			name = Debug;
		};
		52B5BE50281D66A900BA6643 /* Release */ = {
			isa = XCBuildConfiguration;
			buildSettings = {
				ASSETCATALOG_COMPILER_APPICON_NAME = AppIcon;
				ASSETCATALOG_COMPILER_GLOBAL_ACCENT_COLOR_NAME = AccentColor;
				CODE_SIGN_STYLE = Automatic;
				CURRENT_PROJECT_VERSION = 1;
				DEVELOPMENT_TEAM = D27NXEG753;
				GENERATE_INFOPLIST_FILE = YES;
				INFOPLIST_FILE = WeBudget/Resources/Info.plist;
				INFOPLIST_KEY_UIApplicationSupportsIndirectInputEvents = YES;
				INFOPLIST_KEY_UILaunchStoryboardName = LaunchScreen;
				INFOPLIST_KEY_UISupportedInterfaceOrientations_iPad = "UIInterfaceOrientationPortrait UIInterfaceOrientationPortraitUpsideDown UIInterfaceOrientationLandscapeLeft UIInterfaceOrientationLandscapeRight";
				INFOPLIST_KEY_UISupportedInterfaceOrientations_iPhone = "UIInterfaceOrientationPortrait UIInterfaceOrientationLandscapeLeft UIInterfaceOrientationLandscapeRight";
				IPHONEOS_DEPLOYMENT_TARGET = 15.0;
				LD_RUNPATH_SEARCH_PATHS = (
					"$(inherited)",
					"@executable_path/Frameworks",
				);
				MARKETING_VERSION = 1.0;
				PRODUCT_BUNDLE_IDENTIFIER = maxime.maheo.WeBudget;
				PRODUCT_NAME = "$(TARGET_NAME)";
				SWIFT_EMIT_LOC_STRINGS = YES;
				SWIFT_VERSION = 5.0;
				TARGETED_DEVICE_FAMILY = 1;
			};
			name = Release;
		};
/* End XCBuildConfiguration section */

/* Begin XCConfigurationList section */
		52B5BE35281D66A800BA6643 /* Build configuration list for PBXProject "WeBudget" */ = {
			isa = XCConfigurationList;
			buildConfigurations = (
				52B5BE4C281D66A900BA6643 /* Debug */,
				52B5BE4D281D66A900BA6643 /* Release */,
			);
			defaultConfigurationIsVisible = 0;
			defaultConfigurationName = Release;
		};
		52B5BE4E281D66A900BA6643 /* Build configuration list for PBXNativeTarget "WeBudget" */ = {
			isa = XCConfigurationList;
			buildConfigurations = (
				52B5BE4F281D66A900BA6643 /* Debug */,
				52B5BE50281D66A900BA6643 /* Release */,
			);
			defaultConfigurationIsVisible = 0;
			defaultConfigurationName = Release;
		};
/* End XCConfigurationList section */

/* Begin XCSwiftPackageProductDependency section */
		52B278E1281D79230059CF1A /* FormatterService */ = {
			isa = XCSwiftPackageProductDependency;
			productName = FormatterService;
		};
		52B5BE57281D695100BA6643 /* Core */ = {
			isa = XCSwiftPackageProductDependency;
			productName = Core;
		};
		52B5BE6A281D6C6100BA6643 /* TransactionFeature */ = {
			isa = XCSwiftPackageProductDependency;
			productName = TransactionFeature;
		};
		52F178E3281EAB100048A831 /* Model */ = {
			isa = XCSwiftPackageProductDependency;
			productName = Model;
		};
/* End XCSwiftPackageProductDependency section */
	};
	rootObject = 52B5BE32281D66A800BA6643 /* Project object */;
}
